
Microsoft Visual Studio Solution File, Format Version 12.00
# Visual Studio Version 17
VisualStudioVersion = 17.1.32328.378
MinimumVisualStudioVersion = 10.0.40219.1
Project("{FAE04EC0-301F-11D3-BF4B-00C04F79EFBC}") = "Delegates", "Delegates\Delegates.csproj", "{58D18171-93FC-45D4-8646-401CE496CEAE}"
EndProject
Global
	GlobalSection(SolutionConfigurationPlatforms) = preSolution
		Debug|Any CPU = Debug|Any CPU
		Release|Any CPU = Release|Any CPU
	EndGlobalSection
	GlobalSection(ProjectConfigurationPlatforms) = postSolution
		{58D18171-93FC-45D4-8646-401CE496CEAE}.Debug|Any CPU.ActiveCfg = Debug|Any CPU
		{58D18171-93FC-45D4-8646-401CE496CEAE}.Debug|Any CPU.Build.0 = Debug|Any CPU
		{58D18171-93FC-45D4-8646-401CE496CEAE}.Release|Any CPU.ActiveCfg = Release|Any CPU
		{58D18171-93FC-45D4-8646-401CE496CEAE}.Release|Any CPU.Build.0 = Release|Any CPU
	EndGlobalSection
	GlobalSection(SolutionProperties) = preSolution
		HideSolutionNode = FALSE
	EndGlobalSection
	GlobalSection(ExtensibilityGlobals) = postSolution
		SolutionGuid = {CE53F8CD-A6C1-4F4C-8B83-8F3696D60F1B}
	EndGlobalSection
EndGlobal
